
Microsoft Visual Studio Solution File, Format Version 12.00
# Visual Studio Version 16
VisualStudioVersion = 16.0.30711.63
MinimumVisualStudioVersion = 10.0.40219.1
Project("{FAE04EC0-301F-11D3-BF4B-00C04F79EFBC}") = "WebVote.Api", "WebVote.Api\WebVote.Api.csproj", "{C856A831-1D34-4348-AD2D-6D12DE5A8463}"
EndProject
Global
	GlobalSection(SolutionConfigurationPlatforms) = preSolution
		Debug|Any CPU = Debug|Any CPU
		Release|Any CPU = Release|Any CPU
	EndGlobalSection
	GlobalSection(ProjectConfigurationPlatforms) = postSolution
		{C856A831-1D34-4348-AD2D-6D12DE5A8463}.Debug|Any CPU.ActiveCfg = Debug|Any CPU
		{C856A831-1D34-4348-AD2D-6D12DE5A8463}.Debug|Any CPU.Build.0 = Debug|Any CPU
		{C856A831-1D34-4348-AD2D-6D12DE5A8463}.Release|Any CPU.ActiveCfg = Release|Any CPU
		{C856A831-1D34-4348-AD2D-6D12DE5A8463}.Release|Any CPU.Build.0 = Release|Any CPU
	EndGlobalSection
	GlobalSection(SolutionProperties) = preSolution
		HideSolutionNode = FALSE
	EndGlobalSection
	GlobalSection(ExtensibilityGlobals) = postSolution
		SolutionGuid = {5F95B507-1C90-402B-91EC-894490286427}
	EndGlobalSection
EndGlobal
